// !$*UTF8*$!
{
	archiveVersion = 1;
	classes = {
	};
	objectVersion = 46;
	objects = {

/* Begin PBXBuildFile section */
		BD3E5A832333C4F600E57F5E /* SwocksExt.appex in Embed App Extensions */ = {isa = PBXBuildFile; fileRef = BD0246551D9D03D3008AEC26 /* SwocksExt.appex */; settings = {ATTRIBUTES = (RemoveHeadersOnCopy, ); }; };
		BD3E5A992333C60500E57F5E /* Main.storyboard in Resources */ = {isa = PBXBuildFile; fileRef = BD5A59182333BA7700AA5188 /* Main.storyboard */; };
		BD3E5A9A2333C60A00E57F5E /* ViewController.swift in Sources */ = {isa = PBXBuildFile; fileRef = BD5A59162333B9A700AA5188 /* ViewController.swift */; };
		BD3E5A9B2333C60D00E57F5E /* AppDelegate.swift in Sources */ = {isa = PBXBuildFile; fileRef = BD3E5A6C2333C26F00E57F5E /* AppDelegate.swift */; };
		BD3E5A9C2333C61100E57F5E /* Assets.xcassets in Resources */ = {isa = PBXBuildFile; fileRef = BD3E5A682333C23600E57F5E /* Assets.xcassets */; };
		BD3E5A9E2333C62B00E57F5E /* BlockCommentExtension.swift in Sources */ = {isa = PBXBuildFile; fileRef = BD02465C1D9D03D3008AEC26 /* BlockCommentExtension.swift */; };
		BD3E5A9F2333C62E00E57F5E /* BlockCommentCommand.swift in Sources */ = {isa = PBXBuildFile; fileRef = BD02465E1D9D03D3008AEC26 /* BlockCommentCommand.swift */; };
		BD73E80B2333CAAC00EE834C /* Parser.swift in Sources */ = {isa = PBXBuildFile; fileRef = BD8DD10B1D9DD866007BA1D3 /* Parser.swift */; };
		BD73E80D2333CBFA00EE834C /* Parser.swift in Sources */ = {isa = PBXBuildFile; fileRef = BD8DD10B1D9DD866007BA1D3 /* Parser.swift */; };
		BD73E80E2333CC0700EE834C /* ParserTests.swift in Sources */ = {isa = PBXBuildFile; fileRef = BD3E5A952333C5B900E57F5E /* ParserTests.swift */; };
		BD98916D236BABE100E74CAB /* Source.swift in Sources */ = {isa = PBXBuildFile; fileRef = BD98916B236BAB1400E74CAB /* Source.swift */; };
		BD98916E236BABE300E74CAB /* Source.swift in Sources */ = {isa = PBXBuildFile; fileRef = BD98916B236BAB1400E74CAB /* Source.swift */; };
		BD989171236BAE7B00E74CAB /* Parse.swift in Sources */ = {isa = PBXBuildFile; fileRef = BD98916F236BAE5C00E74CAB /* Parse.swift */; };
		BD989172236BAE7D00E74CAB /* Parse.swift in Sources */ = {isa = PBXBuildFile; fileRef = BD98916F236BAE5C00E74CAB /* Parse.swift */; };
		BD989175236BAEBD00E74CAB /* SwiftParsing.swift in Sources */ = {isa = PBXBuildFile; fileRef = BD989173236BAE9800E74CAB /* SwiftParsing.swift */; };
		BD989176236BAEBE00E74CAB /* SwiftParsing.swift in Sources */ = {isa = PBXBuildFile; fileRef = BD989173236BAE9800E74CAB /* SwiftParsing.swift */; };
		BDE63427256AD34E006D8C56 /* XcodeKit.framework in Frameworks */ = {isa = PBXBuildFile; fileRef = BDB69E422562E8DF00910F96 /* XcodeKit.framework */; };
		BDE63428256AD34E006D8C56 /* XcodeKit.framework in Embed Frameworks */ = {isa = PBXBuildFile; fileRef = BDB69E422562E8DF00910F96 /* XcodeKit.framework */; settings = {ATTRIBUTES = (CodeSignOnCopy, RemoveHeadersOnCopy, ); }; };
/* End PBXBuildFile section */

/* Begin PBXContainerItemProxy section */
		BD3E5A842333C4F600E57F5E /* PBXContainerItemProxy */ = {
			isa = PBXContainerItemProxy;
			containerPortal = BD0246391D9D03A8008AEC26 /* Project object */;
			proxyType = 1;
			remoteGlobalIDString = BD0246541D9D03D3008AEC26;
			remoteInfo = BlockComment;
		};
		BD3E5A902333C5A100E57F5E /* PBXContainerItemProxy */ = {
			isa = PBXContainerItemProxy;
			containerPortal = BD0246391D9D03A8008AEC26 /* Project object */;
			proxyType = 1;
			remoteGlobalIDString = BD3E5A722333C30600E57F5E;
			remoteInfo = BlockCommentApp;
		};
/* End PBXContainerItemProxy section */

/* Begin PBXCopyFilesBuildPhase section */
		BD3E5A862333C4F600E57F5E /* Embed App Extensions */ = {
			isa = PBXCopyFilesBuildPhase;
			buildActionMask = 2147483647;
			dstPath = "";
			dstSubfolderSpec = 13;
			files = (
				BD3E5A832333C4F600E57F5E /* SwocksExt.appex in Embed App Extensions */,
			);
			name = "Embed App Extensions";
			runOnlyForDeploymentPostprocessing = 0;
		};
		BD73E8072333C9CD00EE834C /* Embed Frameworks */ = {
			isa = PBXCopyFilesBuildPhase;
			buildActionMask = 2147483647;
			dstPath = "";
			dstSubfolderSpec = 10;
			files = (
			);
			name = "Embed Frameworks";
			runOnlyForDeploymentPostprocessing = 0;
		};
		BDE63429256AD34E006D8C56 /* Embed Frameworks */ = {
			isa = PBXCopyFilesBuildPhase;
			buildActionMask = 2147483647;
			dstPath = "";
			dstSubfolderSpec = 10;
			files = (
				BDE63428256AD34E006D8C56 /* XcodeKit.framework in Embed Frameworks */,
			);
			name = "Embed Frameworks";
			runOnlyForDeploymentPostprocessing = 0;
		};
/* End PBXCopyFilesBuildPhase section */

/* Begin PBXFileReference section */
		BD0246551D9D03D3008AEC26 /* SwocksExt.appex */ = {isa = PBXFileReference; explicitFileType = "wrapper.app-extension"; includeInIndex = 0; path = SwocksExt.appex; sourceTree = BUILT_PRODUCTS_DIR; };
		BD0246571D9D03D3008AEC26 /* Cocoa.framework */ = {isa = PBXFileReference; lastKnownFileType = wrapper.framework; name = Cocoa.framework; path = System/Library/Frameworks/Cocoa.framework; sourceTree = SDKROOT; };
		BD02465C1D9D03D3008AEC26 /* BlockCommentExtension.swift */ = {isa = PBXFileReference; lastKnownFileType = sourcecode.swift; path = BlockCommentExtension.swift; sourceTree = "<group>"; };
		BD02465E1D9D03D3008AEC26 /* BlockCommentCommand.swift */ = {isa = PBXFileReference; lastKnownFileType = sourcecode.swift; path = BlockCommentCommand.swift; sourceTree = "<group>"; };
		BD3E5A682333C23600E57F5E /* Assets.xcassets */ = {isa = PBXFileReference; lastKnownFileType = folder.assetcatalog; path = Assets.xcassets; sourceTree = "<group>"; };
		BD3E5A6A2333C24E00E57F5E /* Info.plist */ = {isa = PBXFileReference; fileEncoding = 4; lastKnownFileType = text.plist.xml; path = Info.plist; sourceTree = "<group>"; };
		BD3E5A6C2333C26F00E57F5E /* AppDelegate.swift */ = {isa = PBXFileReference; fileEncoding = 4; lastKnownFileType = sourcecode.swift; path = AppDelegate.swift; sourceTree = "<group>"; };
		BD3E5A6E2333C2D100E57F5E /* BlockComment.entitlements */ = {isa = PBXFileReference; lastKnownFileType = text.plist.entitlements; path = BlockComment.entitlements; sourceTree = "<group>"; };
		BD3E5A732333C30600E57F5E /* Swocks.app */ = {isa = PBXFileReference; explicitFileType = wrapper.application; includeInIndex = 0; path = Swocks.app; sourceTree = BUILT_PRODUCTS_DIR; };
		BD3E5A8B2333C5A100E57F5E /* SwocksTests.xctest */ = {isa = PBXFileReference; explicitFileType = wrapper.cfbundle; includeInIndex = 0; path = SwocksTests.xctest; sourceTree = BUILT_PRODUCTS_DIR; };
		BD3E5A8F2333C5A100E57F5E /* Info.plist */ = {isa = PBXFileReference; lastKnownFileType = text.plist.xml; path = Info.plist; sourceTree = "<group>"; };
		BD3E5A952333C5B900E57F5E /* ParserTests.swift */ = {isa = PBXFileReference; fileEncoding = 4; lastKnownFileType = sourcecode.swift; name = ParserTests.swift; path = BlockCommentTests/ParserTests.swift; sourceTree = SOURCE_ROOT; };
		BD3E5AA12333C64F00E57F5E /* Info.plist */ = {isa = PBXFileReference; fileEncoding = 4; lastKnownFileType = text.plist.xml; path = Info.plist; sourceTree = "<group>"; };
		BD5A59162333B9A700AA5188 /* ViewController.swift */ = {isa = PBXFileReference; lastKnownFileType = sourcecode.swift; path = ViewController.swift; sourceTree = "<group>"; };
		BD5A59192333BA7700AA5188 /* Base */ = {isa = PBXFileReference; lastKnownFileType = file.storyboard; name = Base; path = Base.lproj/Main.storyboard; sourceTree = "<group>"; };
		BD8DD1011D9DD839007BA1D3 /* BlockCommentTests.xctest */ = {isa = PBXFileReference; explicitFileType = wrapper.cfbundle; includeInIndex = 0; path = BlockCommentTests.xctest; sourceTree = BUILT_PRODUCTS_DIR; };
		BD8DD10B1D9DD866007BA1D3 /* Parser.swift */ = {isa = PBXFileReference; fileEncoding = 4; lastKnownFileType = sourcecode.swift; path = Parser.swift; sourceTree = "<group>"; };
		BD98916B236BAB1400E74CAB /* Source.swift */ = {isa = PBXFileReference; fileEncoding = 4; lastKnownFileType = sourcecode.swift; path = Source.swift; sourceTree = "<group>"; };
		BD98916F236BAE5C00E74CAB /* Parse.swift */ = {isa = PBXFileReference; lastKnownFileType = sourcecode.swift; path = Parse.swift; sourceTree = "<group>"; };
		BD989173236BAE9800E74CAB /* SwiftParsing.swift */ = {isa = PBXFileReference; lastKnownFileType = sourcecode.swift; path = SwiftParsing.swift; sourceTree = "<group>"; };
		BD9B64E61DA0543A004E4319 /* README.md */ = {isa = PBXFileReference; fileEncoding = 4; lastKnownFileType = net.daringfireball.markdown; path = README.md; sourceTree = "<group>"; };
		BDB69E422562E8DF00910F96 /* XcodeKit.framework */ = {isa = PBXFileReference; lastKnownFileType = wrapper.framework; name = XcodeKit.framework; path = Library/Frameworks/XcodeKit.framework; sourceTree = DEVELOPER_DIR; };
		BDCE635A24068EA700A32206 /* Dummy.swift */ = {isa = PBXFileReference; lastKnownFileType = sourcecode.swift; path = Dummy.swift; sourceTree = "<group>"; };
		BDDC9FF8233399EB007E700F /* BlockCommentApp.entitlements */ = {isa = PBXFileReference; lastKnownFileType = text.plist.entitlements; path = BlockCommentApp.entitlements; sourceTree = "<group>"; };
		BDE6346E256C5BDA006D8C56 /* CI.xcconfig */ = {isa = PBXFileReference; lastKnownFileType = text.xcconfig; path = CI.xcconfig; sourceTree = "<group>"; };
/* End PBXFileReference section */

/* Begin PBXFrameworksBuildPhase section */
		BD0246521D9D03D3008AEC26 /* Frameworks */ = {
			isa = PBXFrameworksBuildPhase;
			buildActionMask = 2147483647;
			files = (
				BDE63427256AD34E006D8C56 /* XcodeKit.framework in Frameworks */,
			);
			runOnlyForDeploymentPostprocessing = 0;
		};
		BD3E5A702333C30600E57F5E /* Frameworks */ = {
			isa = PBXFrameworksBuildPhase;
			buildActionMask = 2147483647;
			files = (
			);
			runOnlyForDeploymentPostprocessing = 0;
		};
		BD3E5A882333C5A100E57F5E /* Frameworks */ = {
			isa = PBXFrameworksBuildPhase;
			buildActionMask = 2147483647;
			files = (
			);
			runOnlyForDeploymentPostprocessing = 0;
		};
/* End PBXFrameworksBuildPhase section */

/* Begin PBXGroup section */
		BD0246381D9D03A8008AEC26 = {
			isa = PBXGroup;
			children = (
				BDE6346E256C5BDA006D8C56 /* CI.xcconfig */,
				BDCE635A24068EA700A32206 /* Dummy.swift */,
				BD9B64E61DA0543A004E4319 /* README.md */,
				BD0246431D9D03A8008AEC26 /* BlockCommentApp */,
				BD0246591D9D03D3008AEC26 /* BlockCommentExtension */,
				BD3E5A8C2333C5A100E57F5E /* BlockCommentTests */,
				BD0246561D9D03D3008AEC26 /* Frameworks */,
				BD0246421D9D03A8008AEC26 /* Products */,
			);
			sourceTree = "<group>";
		};
		BD0246421D9D03A8008AEC26 /* Products */ = {
			isa = PBXGroup;
			children = (
				BD0246551D9D03D3008AEC26 /* SwocksExt.appex */,
				BD8DD1011D9DD839007BA1D3 /* BlockCommentTests.xctest */,
				BD3E5A732333C30600E57F5E /* Swocks.app */,
				BD3E5A8B2333C5A100E57F5E /* SwocksTests.xctest */,
			);
			name = Products;
			sourceTree = "<group>";
		};
		BD0246431D9D03A8008AEC26 /* BlockCommentApp */ = {
			isa = PBXGroup;
			children = (
				BD3E5A682333C23600E57F5E /* Assets.xcassets */,
				BD3E5A6C2333C26F00E57F5E /* AppDelegate.swift */,
				BD5A59162333B9A700AA5188 /* ViewController.swift */,
				BD5A59182333BA7700AA5188 /* Main.storyboard */,
				BD3E5A6A2333C24E00E57F5E /* Info.plist */,
				BDDC9FF8233399EB007E700F /* BlockCommentApp.entitlements */,
			);
			path = BlockCommentApp;
			sourceTree = "<group>";
		};
		BD0246561D9D03D3008AEC26 /* Frameworks */ = {
			isa = PBXGroup;
			children = (
				BDB69E422562E8DF00910F96 /* XcodeKit.framework */,
				BD0246571D9D03D3008AEC26 /* Cocoa.framework */,
			);
			name = Frameworks;
			sourceTree = "<group>";
		};
		BD0246591D9D03D3008AEC26 /* BlockCommentExtension */ = {
			isa = PBXGroup;
			children = (
				BD98916B236BAB1400E74CAB /* Source.swift */,
				BD8DD10B1D9DD866007BA1D3 /* Parser.swift */,
				BD98916F236BAE5C00E74CAB /* Parse.swift */,
				BD989173236BAE9800E74CAB /* SwiftParsing.swift */,
				BD02465C1D9D03D3008AEC26 /* BlockCommentExtension.swift */,
				BD02465E1D9D03D3008AEC26 /* BlockCommentCommand.swift */,
				BD3E5AA12333C64F00E57F5E /* Info.plist */,
				BD3E5A6E2333C2D100E57F5E /* BlockComment.entitlements */,
			);
			path = BlockCommentExtension;
			sourceTree = "<group>";
		};
		BD3E5A8C2333C5A100E57F5E /* BlockCommentTests */ = {
			isa = PBXGroup;
			children = (
				BD3E5A952333C5B900E57F5E /* ParserTests.swift */,
				BD3E5A8F2333C5A100E57F5E /* Info.plist */,
			);
			path = BlockCommentTests;
			sourceTree = "<group>";
		};
/* End PBXGroup section */

/* Begin PBXNativeTarget section */
		BD0246541D9D03D3008AEC26 /* SwocksExt */ = {
			isa = PBXNativeTarget;
			buildConfigurationList = BD0246641D9D03D3008AEC26 /* Build configuration list for PBXNativeTarget "SwocksExt" */;
			buildPhases = (
				BD0246511D9D03D3008AEC26 /* Sources */,
				BD0246521D9D03D3008AEC26 /* Frameworks */,
				BD0246531D9D03D3008AEC26 /* Resources */,
				BDE63429256AD34E006D8C56 /* Embed Frameworks */,
			);
			buildRules = (
			);
			dependencies = (
			);
			name = SwocksExt;
			productName = Cleaner;
			productReference = BD0246551D9D03D3008AEC26 /* SwocksExt.appex */;
			productType = "com.apple.product-type.xcode-extension";
		};
		BD3E5A722333C30600E57F5E /* Swocks */ = {
			isa = PBXNativeTarget;
			buildConfigurationList = BD3E5A802333C30700E57F5E /* Build configuration list for PBXNativeTarget "Swocks" */;
			buildPhases = (
				BD3E5A6F2333C30600E57F5E /* Sources */,
				BD3E5A702333C30600E57F5E /* Frameworks */,
				BD3E5A712333C30600E57F5E /* Resources */,
				BD3E5A862333C4F600E57F5E /* Embed App Extensions */,
				BD73E8072333C9CD00EE834C /* Embed Frameworks */,
			);
			buildRules = (
			);
			dependencies = (
				BD3E5A852333C4F600E57F5E /* PBXTargetDependency */,
			);
			name = Swocks;
			productName = BlockCommentApp;
			productReference = BD3E5A732333C30600E57F5E /* Swocks.app */;
			productType = "com.apple.product-type.application";
		};
		BD3E5A8A2333C5A100E57F5E /* SwocksTests */ = {
			isa = PBXNativeTarget;
			buildConfigurationList = BD3E5A922333C5A100E57F5E /* Build configuration list for PBXNativeTarget "SwocksTests" */;
			buildPhases = (
				BD3E5A872333C5A100E57F5E /* Sources */,
				BD3E5A882333C5A100E57F5E /* Frameworks */,
				BD3E5A892333C5A100E57F5E /* Resources */,
			);
			buildRules = (
			);
			dependencies = (
				BD3E5A912333C5A100E57F5E /* PBXTargetDependency */,
			);
			name = SwocksTests;
			productName = BlockCommentAppTests;
			productReference = BD3E5A8B2333C5A100E57F5E /* SwocksTests.xctest */;
			productType = "com.apple.product-type.bundle.unit-test";
		};
/* End PBXNativeTarget section */

/* Begin PBXProject section */
		BD0246391D9D03A8008AEC26 /* Project object */ = {
			isa = PBXProject;
			attributes = {
				LastSwiftUpdateCheck = 1030;
				LastUpgradeCheck = 1220;
				ORGANIZATIONNAME = "Brad Howes";
				TargetAttributes = {
					BD0246541D9D03D3008AEC26 = {
						CreatedOnToolsVersion = 8.0;
						DevelopmentTeam = UP6SS5ES7E;
						LastSwiftMigration = 0940;
						ProvisioningStyle = Automatic;
						SystemCapabilities = {
							com.apple.Sandbox = {
								enabled = 1;
							};
						};
					};
					BD3E5A722333C30600E57F5E = {
						CreatedOnToolsVersion = 10.3;
						DevelopmentTeam = UP6SS5ES7E;
						ProvisioningStyle = Automatic;
					};
					BD3E5A8A2333C5A100E57F5E = {
						CreatedOnToolsVersion = 10.3;
						DevelopmentTeam = UP6SS5ES7E;
						ProvisioningStyle = Automatic;
					};
				};
			};
			buildConfigurationList = BD02463C1D9D03A8008AEC26 /* Build configuration list for PBXProject "BlockComment" */;
			compatibilityVersion = "Xcode 3.2";
			developmentRegion = en;
			hasScannedForEncodings = 0;
			knownRegions = (
				en,
				Base,
			);
			mainGroup = BD0246381D9D03A8008AEC26;
			productRefGroup = BD0246421D9D03A8008AEC26 /* Products */;
			projectDirPath = "";
			projectRoot = "";
			targets = (
				BD3E5A722333C30600E57F5E /* Swocks */,
				BD0246541D9D03D3008AEC26 /* SwocksExt */,
				BD3E5A8A2333C5A100E57F5E /* SwocksTests */,
			);
		};
/* End PBXProject section */

/* Begin PBXResourcesBuildPhase section */
		BD0246531D9D03D3008AEC26 /* Resources */ = {
			isa = PBXResourcesBuildPhase;
			buildActionMask = 2147483647;
			files = (
			);
			runOnlyForDeploymentPostprocessing = 0;
		};
		BD3E5A712333C30600E57F5E /* Resources */ = {
			isa = PBXResourcesBuildPhase;
			buildActionMask = 2147483647;
			files = (
				BD3E5A9C2333C61100E57F5E /* Assets.xcassets in Resources */,
				BD3E5A992333C60500E57F5E /* Main.storyboard in Resources */,
			);
			runOnlyForDeploymentPostprocessing = 0;
		};
		BD3E5A892333C5A100E57F5E /* Resources */ = {
			isa = PBXResourcesBuildPhase;
			buildActionMask = 2147483647;
			files = (
			);
			runOnlyForDeploymentPostprocessing = 0;
		};
/* End PBXResourcesBuildPhase section */

/* Begin PBXSourcesBuildPhase section */
		BD0246511D9D03D3008AEC26 /* Sources */ = {
			isa = PBXSourcesBuildPhase;
			buildActionMask = 2147483647;
			files = (
				BD98916D236BABE100E74CAB /* Source.swift in Sources */,
				BD3E5A9E2333C62B00E57F5E /* BlockCommentExtension.swift in Sources */,
				BD989171236BAE7B00E74CAB /* Parse.swift in Sources */,
				BD3E5A9F2333C62E00E57F5E /* BlockCommentCommand.swift in Sources */,
				BD989175236BAEBD00E74CAB /* SwiftParsing.swift in Sources */,
				BD73E80B2333CAAC00EE834C /* Parser.swift in Sources */,
			);
			runOnlyForDeploymentPostprocessing = 0;
		};
		BD3E5A6F2333C30600E57F5E /* Sources */ = {
			isa = PBXSourcesBuildPhase;
			buildActionMask = 2147483647;
			files = (
				BD3E5A9B2333C60D00E57F5E /* AppDelegate.swift in Sources */,
				BD3E5A9A2333C60A00E57F5E /* ViewController.swift in Sources */,
			);
			runOnlyForDeploymentPostprocessing = 0;
		};
		BD3E5A872333C5A100E57F5E /* Sources */ = {
			isa = PBXSourcesBuildPhase;
			buildActionMask = 2147483647;
			files = (
				BD98916E236BABE300E74CAB /* Source.swift in Sources */,
				BD73E80D2333CBFA00EE834C /* Parser.swift in Sources */,
				BD989172236BAE7D00E74CAB /* Parse.swift in Sources */,
				BD989176236BAEBE00E74CAB /* SwiftParsing.swift in Sources */,
				BD73E80E2333CC0700EE834C /* ParserTests.swift in Sources */,
			);
			runOnlyForDeploymentPostprocessing = 0;
		};
/* End PBXSourcesBuildPhase section */

/* Begin PBXTargetDependency section */
		BD3E5A852333C4F600E57F5E /* PBXTargetDependency */ = {
			isa = PBXTargetDependency;
			target = BD0246541D9D03D3008AEC26 /* SwocksExt */;
			targetProxy = BD3E5A842333C4F600E57F5E /* PBXContainerItemProxy */;
		};
		BD3E5A912333C5A100E57F5E /* PBXTargetDependency */ = {
			isa = PBXTargetDependency;
			target = BD3E5A722333C30600E57F5E /* Swocks */;
			targetProxy = BD3E5A902333C5A100E57F5E /* PBXContainerItemProxy */;
		};
/* End PBXTargetDependency section */

/* Begin PBXVariantGroup section */
		BD5A59182333BA7700AA5188 /* Main.storyboard */ = {
			isa = PBXVariantGroup;
			children = (
				BD5A59192333BA7700AA5188 /* Base */,
			);
			name = Main.storyboard;
			sourceTree = "<group>";
		};
/* End PBXVariantGroup section */

/* Begin XCBuildConfiguration section */
		BD02464C1D9D03A8008AEC26 /* Debug */ = {
			isa = XCBuildConfiguration;
			buildSettings = {
				ALWAYS_SEARCH_USER_PATHS = NO;
				APPLICATION_EXTENSION_API_ONLY = YES;
				CLANG_ANALYZER_NONNULL = YES;
				CLANG_CXX_LANGUAGE_STANDARD = "gnu++0x";
				CLANG_CXX_LIBRARY = "libc++";
				CLANG_ENABLE_MODULES = YES;
				CLANG_ENABLE_OBJC_ARC = YES;
				CLANG_WARN_BLOCK_CAPTURE_AUTORELEASING = YES;
				CLANG_WARN_BOOL_CONVERSION = YES;
				CLANG_WARN_COMMA = YES;
				CLANG_WARN_CONSTANT_CONVERSION = YES;
				CLANG_WARN_DEPRECATED_OBJC_IMPLEMENTATIONS = YES;
				CLANG_WARN_DIRECT_OBJC_ISA_USAGE = YES_ERROR;
				CLANG_WARN_DOCUMENTATION_COMMENTS = YES;
				CLANG_WARN_EMPTY_BODY = YES;
				CLANG_WARN_ENUM_CONVERSION = YES;
				CLANG_WARN_INFINITE_RECURSION = YES;
				CLANG_WARN_INT_CONVERSION = YES;
				CLANG_WARN_NON_LITERAL_NULL_CONVERSION = YES;
				CLANG_WARN_OBJC_IMPLICIT_RETAIN_SELF = YES;
				CLANG_WARN_OBJC_LITERAL_CONVERSION = YES;
				CLANG_WARN_OBJC_ROOT_CLASS = YES_ERROR;
				CLANG_WARN_QUOTED_INCLUDE_IN_FRAMEWORK_HEADER = YES;
				CLANG_WARN_RANGE_LOOP_ANALYSIS = YES;
				CLANG_WARN_STRICT_PROTOTYPES = YES;
				CLANG_WARN_SUSPICIOUS_MOVE = YES;
				CLANG_WARN_SUSPICIOUS_MOVES = YES;
				CLANG_WARN_UNREACHABLE_CODE = YES;
				CLANG_WARN__DUPLICATE_METHOD_MATCH = YES;
				CODE_SIGN_IDENTITY = "Mac Developer";
				COPY_PHASE_STRIP = NO;
				DEBUG_INFORMATION_FORMAT = dwarf;
				DEVELOPMENT_TEAM = Z7R62JH5A8;
				ENABLE_STRICT_OBJC_MSGSEND = YES;
				ENABLE_TESTABILITY = YES;
				GCC_C_LANGUAGE_STANDARD = gnu99;
				GCC_DYNAMIC_NO_PIC = NO;
				GCC_NO_COMMON_BLOCKS = YES;
				GCC_OPTIMIZATION_LEVEL = 0;
				GCC_PREPROCESSOR_DEFINITIONS = (
					"DEBUG=1",
					"$(inherited)",
				);
				GCC_WARN_64_TO_32_BIT_CONVERSION = YES;
				GCC_WARN_ABOUT_RETURN_TYPE = YES_ERROR;
				GCC_WARN_UNDECLARED_SELECTOR = YES;
				GCC_WARN_UNINITIALIZED_AUTOS = YES_AGGRESSIVE;
				GCC_WARN_UNUSED_FUNCTION = YES;
				GCC_WARN_UNUSED_VARIABLE = YES;
				MACOSX_DEPLOYMENT_TARGET = 10.15;
				MTL_ENABLE_DEBUG_INFO = YES;
				ONLY_ACTIVE_ARCH = YES;
				SDKROOT = macosx;
				SWIFT_ACTIVE_COMPILATION_CONDITIONS = DEBUG;
				SWIFT_OPTIMIZATION_LEVEL = "-Onone";
				SWIFT_SWIFT3_OBJC_INFERENCE = Off;
				SWIFT_VERSION = 5.0;
				VERSIONING_SYSTEM = "apple-generic";
			};
			name = Debug;
		};
		BD02464D1D9D03A8008AEC26 /* Release */ = {
			isa = XCBuildConfiguration;
			buildSettings = {
				ALWAYS_SEARCH_USER_PATHS = NO;
				APPLICATION_EXTENSION_API_ONLY = YES;
				CLANG_ANALYZER_NONNULL = YES;
				CLANG_CXX_LANGUAGE_STANDARD = "gnu++0x";
				CLANG_CXX_LIBRARY = "libc++";
				CLANG_ENABLE_MODULES = YES;
				CLANG_ENABLE_OBJC_ARC = YES;
				CLANG_WARN_BLOCK_CAPTURE_AUTORELEASING = YES;
				CLANG_WARN_BOOL_CONVERSION = YES;
				CLANG_WARN_COMMA = YES;
				CLANG_WARN_CONSTANT_CONVERSION = YES;
				CLANG_WARN_DEPRECATED_OBJC_IMPLEMENTATIONS = YES;
				CLANG_WARN_DIRECT_OBJC_ISA_USAGE = YES_ERROR;
				CLANG_WARN_DOCUMENTATION_COMMENTS = YES;
				CLANG_WARN_EMPTY_BODY = YES;
				CLANG_WARN_ENUM_CONVERSION = YES;
				CLANG_WARN_INFINITE_RECURSION = YES;
				CLANG_WARN_INT_CONVERSION = YES;
				CLANG_WARN_NON_LITERAL_NULL_CONVERSION = YES;
				CLANG_WARN_OBJC_IMPLICIT_RETAIN_SELF = YES;
				CLANG_WARN_OBJC_LITERAL_CONVERSION = YES;
				CLANG_WARN_OBJC_ROOT_CLASS = YES_ERROR;
				CLANG_WARN_QUOTED_INCLUDE_IN_FRAMEWORK_HEADER = YES;
				CLANG_WARN_RANGE_LOOP_ANALYSIS = YES;
				CLANG_WARN_STRICT_PROTOTYPES = YES;
				CLANG_WARN_SUSPICIOUS_MOVE = YES;
				CLANG_WARN_SUSPICIOUS_MOVES = YES;
				CLANG_WARN_UNREACHABLE_CODE = YES;
				CLANG_WARN__DUPLICATE_METHOD_MATCH = YES;
				CODE_SIGN_IDENTITY = "Mac Developer";
				COPY_PHASE_STRIP = NO;
				DEBUG_INFORMATION_FORMAT = "dwarf-with-dsym";
				DEVELOPMENT_TEAM = Z7R62JH5A8;
				ENABLE_NS_ASSERTIONS = NO;
				ENABLE_STRICT_OBJC_MSGSEND = YES;
				GCC_C_LANGUAGE_STANDARD = gnu99;
				GCC_NO_COMMON_BLOCKS = YES;
				GCC_WARN_64_TO_32_BIT_CONVERSION = YES;
				GCC_WARN_ABOUT_RETURN_TYPE = YES_ERROR;
				GCC_WARN_UNDECLARED_SELECTOR = YES;
				GCC_WARN_UNINITIALIZED_AUTOS = YES_AGGRESSIVE;
				GCC_WARN_UNUSED_FUNCTION = YES;
				GCC_WARN_UNUSED_VARIABLE = YES;
				MACOSX_DEPLOYMENT_TARGET = 10.15;
				MTL_ENABLE_DEBUG_INFO = NO;
				SDKROOT = macosx;
				SWIFT_OPTIMIZATION_LEVEL = "-Owholemodule";
				SWIFT_SWIFT3_OBJC_INFERENCE = Off;
				SWIFT_VERSION = 5.0;
				VERSIONING_SYSTEM = "apple-generic";
			};
			name = Release;
		};
		BD0246651D9D03D3008AEC26 /* Debug */ = {
			isa = XCBuildConfiguration;
			buildSettings = {
				ASSETCATALOG_COMPILER_APPICON_NAME = AppIcon;
				CODE_SIGN_ENTITLEMENTS = BlockCommentApp/BlockCommentApp.entitlements;
				CODE_SIGN_IDENTITY = "Apple Development";
				COMBINE_HIDPI_IMAGES = YES;
				CURRENT_PROJECT_VERSION = 20211231175010;
				DEVELOPMENT_TEAM = UP6SS5ES7E;
				ENABLE_HARDENED_RUNTIME = YES;
				INFOPLIST_FILE = BlockCommentExtension/Info.plist;
				LD_RUNPATH_SEARCH_PATHS = "$(inherited) @executable_path/../Frameworks @executable_path/../../../../Frameworks";
				MACOSX_DEPLOYMENT_TARGET = 10.15;
				MARKETING_VERSION = 3.1.12;
				PRODUCT_BUNDLE_IDENTIFIER = com.braysoftware.BlockCommentApp.BlockComment;
				PRODUCT_NAME = "$(TARGET_NAME)";
				SKIP_INSTALL = YES;
				SWIFT_SWIFT3_OBJC_INFERENCE = Off;
				VERSIONING_SYSTEM = "apple-generic";
			};
			name = Debug;
		};
		BD0246661D9D03D3008AEC26 /* Release */ = {
			isa = XCBuildConfiguration;
			buildSettings = {
				ASSETCATALOG_COMPILER_APPICON_NAME = AppIcon;
				CODE_SIGN_ENTITLEMENTS = BlockCommentApp/BlockCommentApp.entitlements;
				CODE_SIGN_IDENTITY = "Apple Development";
				COMBINE_HIDPI_IMAGES = YES;
				CURRENT_PROJECT_VERSION = 20211231175010;
				DEVELOPMENT_TEAM = UP6SS5ES7E;
				ENABLE_HARDENED_RUNTIME = YES;
				GCC_OPTIMIZATION_LEVEL = 0;
				INFOPLIST_FILE = BlockCommentExtension/Info.plist;
				LD_RUNPATH_SEARCH_PATHS = "$(inherited) @executable_path/../Frameworks @executable_path/../../../../Frameworks";
				MACOSX_DEPLOYMENT_TARGET = 10.15;
				MARKETING_VERSION = 3.1.12;
				PRODUCT_BUNDLE_IDENTIFIER = com.braysoftware.BlockCommentApp.BlockComment;
				PRODUCT_NAME = "$(TARGET_NAME)";
				SKIP_INSTALL = YES;
				SWIFT_OPTIMIZATION_LEVEL = "-Owholemodule";
				SWIFT_SWIFT3_OBJC_INFERENCE = Off;
				VERSIONING_SYSTEM = "apple-generic";
			};
			name = Release;
		};
		BD3E5A812333C30700E57F5E /* Debug */ = {
			isa = XCBuildConfiguration;
			buildSettings = {
				ALWAYS_EMBED_SWIFT_STANDARD_LIBRARIES = YES;
				ASSETCATALOG_COMPILER_APPICON_NAME = AppIcon;
				CLANG_ANALYZER_NUMBER_OBJECT_CONVERSION = YES_AGGRESSIVE;
				CLANG_CXX_LANGUAGE_STANDARD = "gnu++14";
				CLANG_ENABLE_OBJC_WEAK = YES;
				CLANG_WARN_UNGUARDED_AVAILABILITY = YES_AGGRESSIVE;
				CODE_SIGN_ENTITLEMENTS = BlockCommentApp/BlockCommentApp.entitlements;
				CODE_SIGN_IDENTITY = "Apple Development";
				CODE_SIGN_STYLE = Automatic;
				COMBINE_HIDPI_IMAGES = YES;
				CURRENT_PROJECT_VERSION = 20211231175010;
				DEVELOPMENT_TEAM = UP6SS5ES7E;
				ENABLE_HARDENED_RUNTIME = YES;
				GCC_C_LANGUAGE_STANDARD = gnu11;
				INFOPLIST_FILE = BlockCommentApp/Info.plist;
				LD_RUNPATH_SEARCH_PATHS = "$(inherited) @executable_path/../Frameworks";
				MACOSX_DEPLOYMENT_TARGET = 10.15;
				MARKETING_VERSION = 3.1.12;
				MTL_ENABLE_DEBUG_INFO = INCLUDE_SOURCE;
				MTL_FAST_MATH = YES;
				PRODUCT_BUNDLE_IDENTIFIER = com.braysoftware.BlockCommentApp;
				PRODUCT_NAME = "$(TARGET_NAME)";
				SWIFT_VERSION = 5.0;
			};
			name = Debug;
		};
		BD3E5A822333C30700E57F5E /* Release */ = {
			isa = XCBuildConfiguration;
			buildSettings = {
				ALWAYS_EMBED_SWIFT_STANDARD_LIBRARIES = YES;
				ASSETCATALOG_COMPILER_APPICON_NAME = AppIcon;
				CLANG_ANALYZER_NUMBER_OBJECT_CONVERSION = YES_AGGRESSIVE;
				CLANG_CXX_LANGUAGE_STANDARD = "gnu++14";
				CLANG_ENABLE_OBJC_WEAK = YES;
				CLANG_WARN_UNGUARDED_AVAILABILITY = YES_AGGRESSIVE;
				CODE_SIGN_ENTITLEMENTS = BlockCommentApp/BlockCommentApp.entitlements;
				CODE_SIGN_IDENTITY = "Apple Development";
				CODE_SIGN_STYLE = Automatic;
				COMBINE_HIDPI_IMAGES = YES;
				CURRENT_PROJECT_VERSION = 20211231175010;
				DEVELOPMENT_TEAM = UP6SS5ES7E;
				ENABLE_HARDENED_RUNTIME = YES;
				GCC_C_LANGUAGE_STANDARD = gnu11;
				INFOPLIST_FILE = BlockCommentApp/Info.plist;
				LD_RUNPATH_SEARCH_PATHS = "$(inherited) @executable_path/../Frameworks";
				MACOSX_DEPLOYMENT_TARGET = 10.15;
				MARKETING_VERSION = 3.1.12;
				MTL_FAST_MATH = YES;
				PRODUCT_BUNDLE_IDENTIFIER = com.braysoftware.BlockCommentApp;
				PRODUCT_NAME = "$(TARGET_NAME)";
				SWIFT_VERSION = 5.0;
			};
			name = Release;
		};
		BD3E5A932333C5A100E57F5E /* Debug */ = {
			isa = XCBuildConfiguration;
			buildSettings = {
				ALWAYS_EMBED_SWIFT_STANDARD_LIBRARIES = YES;
				CLANG_ANALYZER_NUMBER_OBJECT_CONVERSION = YES_AGGRESSIVE;
				CLANG_CXX_LANGUAGE_STANDARD = "gnu++14";
				CLANG_ENABLE_OBJC_WEAK = YES;
				CLANG_WARN_UNGUARDED_AVAILABILITY = YES_AGGRESSIVE;
				CODE_SIGN_IDENTITY = "Apple Development";
				CODE_SIGN_STYLE = Automatic;
				COMBINE_HIDPI_IMAGES = YES;
				DEVELOPMENT_TEAM = UP6SS5ES7E;
				GCC_C_LANGUAGE_STANDARD = gnu11;
				INFOPLIST_FILE = BlockCommentTests/Info.plist;
				LD_RUNPATH_SEARCH_PATHS = "$(inherited) @executable_path/../Frameworks @loader_path/../Frameworks";
				MTL_ENABLE_DEBUG_INFO = INCLUDE_SOURCE;
				MTL_FAST_MATH = YES;
				PRODUCT_BUNDLE_IDENTIFIER = com.braysoftware.BlockCommentTests;
				PRODUCT_NAME = "$(TARGET_NAME)";
				SWIFT_VERSION = 5.0;
			};
			name = Debug;
		};
		BD3E5A942333C5A100E57F5E /* Release */ = {
			isa = XCBuildConfiguration;
			buildSettings = {
				ALWAYS_EMBED_SWIFT_STANDARD_LIBRARIES = YES;
				CLANG_ANALYZER_NUMBER_OBJECT_CONVERSION = YES_AGGRESSIVE;
				CLANG_CXX_LANGUAGE_STANDARD = "gnu++14";
				CLANG_ENABLE_OBJC_WEAK = YES;
				CLANG_WARN_UNGUARDED_AVAILABILITY = YES_AGGRESSIVE;
				CODE_SIGN_IDENTITY = "Apple Development";
				CODE_SIGN_STYLE = Automatic;
				COMBINE_HIDPI_IMAGES = YES;
				DEVELOPMENT_TEAM = UP6SS5ES7E;
				GCC_C_LANGUAGE_STANDARD = gnu11;
				INFOPLIST_FILE = BlockCommentTests/Info.plist;
				LD_RUNPATH_SEARCH_PATHS = "$(inherited) @executable_path/../Frameworks @loader_path/../Frameworks";
				MTL_FAST_MATH = YES;
				PRODUCT_BUNDLE_IDENTIFIER = com.braysoftware.BlockCommentTests;
				PRODUCT_NAME = "$(TARGET_NAME)";
				SWIFT_VERSION = 5.0;
			};
			name = Release;
		};
		BDE6346A256C5B69006D8C56 /* CI */ = {
			isa = XCBuildConfiguration;
			buildSettings = {
				ALWAYS_SEARCH_USER_PATHS = NO;
				APPLICATION_EXTENSION_API_ONLY = YES;
				CLANG_ANALYZER_NONNULL = YES;
				CLANG_CXX_LANGUAGE_STANDARD = "gnu++0x";
				CLANG_CXX_LIBRARY = "libc++";
				CLANG_ENABLE_MODULES = YES;
				CLANG_ENABLE_OBJC_ARC = YES;
				CLANG_WARN_BLOCK_CAPTURE_AUTORELEASING = YES;
				CLANG_WARN_BOOL_CONVERSION = YES;
				CLANG_WARN_COMMA = YES;
				CLANG_WARN_CONSTANT_CONVERSION = YES;
				CLANG_WARN_DEPRECATED_OBJC_IMPLEMENTATIONS = YES;
				CLANG_WARN_DIRECT_OBJC_ISA_USAGE = YES_ERROR;
				CLANG_WARN_DOCUMENTATION_COMMENTS = YES;
				CLANG_WARN_EMPTY_BODY = YES;
				CLANG_WARN_ENUM_CONVERSION = YES;
				CLANG_WARN_INFINITE_RECURSION = YES;
				CLANG_WARN_INT_CONVERSION = YES;
				CLANG_WARN_NON_LITERAL_NULL_CONVERSION = YES;
				CLANG_WARN_OBJC_IMPLICIT_RETAIN_SELF = YES;
				CLANG_WARN_OBJC_LITERAL_CONVERSION = YES;
				CLANG_WARN_OBJC_ROOT_CLASS = YES_ERROR;
				CLANG_WARN_QUOTED_INCLUDE_IN_FRAMEWORK_HEADER = YES;
				CLANG_WARN_RANGE_LOOP_ANALYSIS = YES;
				CLANG_WARN_STRICT_PROTOTYPES = YES;
				CLANG_WARN_SUSPICIOUS_MOVE = YES;
				CLANG_WARN_SUSPICIOUS_MOVES = YES;
				CLANG_WARN_UNREACHABLE_CODE = YES;
				CLANG_WARN__DUPLICATE_METHOD_MATCH = YES;
				CODE_SIGN_IDENTITY = "Mac Developer";
				COPY_PHASE_STRIP = NO;
				DEBUG_INFORMATION_FORMAT = dwarf;
				DEVELOPMENT_TEAM = Z7R62JH5A8;
				ENABLE_STRICT_OBJC_MSGSEND = YES;
				ENABLE_TESTABILITY = YES;
				GCC_C_LANGUAGE_STANDARD = gnu99;
				GCC_DYNAMIC_NO_PIC = NO;
				GCC_NO_COMMON_BLOCKS = YES;
				GCC_OPTIMIZATION_LEVEL = 0;
				GCC_PREPROCESSOR_DEFINITIONS = (
					"DEBUG=1",
					"$(inherited)",
				);
				GCC_WARN_64_TO_32_BIT_CONVERSION = YES;
				GCC_WARN_ABOUT_RETURN_TYPE = YES_ERROR;
				GCC_WARN_UNDECLARED_SELECTOR = YES;
				GCC_WARN_UNINITIALIZED_AUTOS = YES_AGGRESSIVE;
				GCC_WARN_UNUSED_FUNCTION = YES;
				GCC_WARN_UNUSED_VARIABLE = YES;
				MACOSX_DEPLOYMENT_TARGET = 10.15;
				MTL_ENABLE_DEBUG_INFO = YES;
				ONLY_ACTIVE_ARCH = YES;
				SDKROOT = macosx;
				SWIFT_ACTIVE_COMPILATION_CONDITIONS = DEBUG;
				SWIFT_OPTIMIZATION_LEVEL = "-Onone";
				SWIFT_SWIFT3_OBJC_INFERENCE = Off;
				SWIFT_VERSION = 5.0;
				VERSIONING_SYSTEM = "apple-generic";
			};
			name = CI;
		};
		BDE6346B256C5B69006D8C56 /* CI */ = {
			isa = XCBuildConfiguration;
			buildSettings = {
				ALWAYS_EMBED_SWIFT_STANDARD_LIBRARIES = YES;
				ASSETCATALOG_COMPILER_APPICON_NAME = AppIcon;
				CLANG_ANALYZER_NUMBER_OBJECT_CONVERSION = YES_AGGRESSIVE;
				CLANG_CXX_LANGUAGE_STANDARD = "gnu++14";
				CLANG_ENABLE_OBJC_WEAK = YES;
				CLANG_WARN_UNGUARDED_AVAILABILITY = YES_AGGRESSIVE;
				CODE_SIGN_ENTITLEMENTS = BlockCommentApp/BlockCommentApp.entitlements;
				CODE_SIGN_IDENTITY = "-";
				CODE_SIGN_STYLE = Automatic;
				COMBINE_HIDPI_IMAGES = YES;
				CURRENT_PROJECT_VERSION = 20211231175010;
				DEVELOPMENT_TEAM = "";
				ENABLE_HARDENED_RUNTIME = YES;
				GCC_C_LANGUAGE_STANDARD = gnu11;
				INFOPLIST_FILE = BlockCommentApp/Info.plist;
				LD_RUNPATH_SEARCH_PATHS = "$(inherited) @executable_path/../Frameworks";
				MACOSX_DEPLOYMENT_TARGET = 10.15;
				MARKETING_VERSION = 3.1.12;
				MTL_ENABLE_DEBUG_INFO = INCLUDE_SOURCE;
				MTL_FAST_MATH = YES;
				PRODUCT_BUNDLE_IDENTIFIER = com.braysoftware.BlockCommentApp;
				PRODUCT_NAME = "$(TARGET_NAME)";
				SWIFT_VERSION = 5.0;
			};
			name = CI;
		};
		BDE6346C256C5B69006D8C56 /* CI */ = {
			isa = XCBuildConfiguration;
			buildSettings = {
				ASSETCATALOG_COMPILER_APPICON_NAME = AppIcon;
				CODE_SIGN_ENTITLEMENTS = BlockCommentApp/BlockCommentApp.entitlements;
				CODE_SIGN_IDENTITY = "-";
				COMBINE_HIDPI_IMAGES = YES;
				CURRENT_PROJECT_VERSION = 20211231175010;
				DEVELOPMENT_TEAM = "";
				ENABLE_HARDENED_RUNTIME = YES;
				INFOPLIST_FILE = BlockCommentExtension/Info.plist;
				LD_RUNPATH_SEARCH_PATHS = "$(inherited) @executable_path/../Frameworks @executable_path/../../../../Frameworks";
				MACOSX_DEPLOYMENT_TARGET = 10.15;
				MARKETING_VERSION = 3.1.12;
				PRODUCT_BUNDLE_IDENTIFIER = com.braysoftware.BlockCommentApp.BlockComment;
				PRODUCT_NAME = "$(TARGET_NAME)";
				SKIP_INSTALL = YES;
				SWIFT_SWIFT3_OBJC_INFERENCE = Off;
				VERSIONING_SYSTEM = "apple-generic";
			};
			name = CI;
		};
		BDE6346D256C5B69006D8C56 /* CI */ = {
			isa = XCBuildConfiguration;
			buildSettings = {
				ALWAYS_EMBED_SWIFT_STANDARD_LIBRARIES = YES;
				CLANG_ANALYZER_NUMBER_OBJECT_CONVERSION = YES_AGGRESSIVE;
				CLANG_CXX_LANGUAGE_STANDARD = "gnu++14";
				CLANG_ENABLE_OBJC_WEAK = YES;
				CLANG_WARN_UNGUARDED_AVAILABILITY = YES_AGGRESSIVE;
				CODE_SIGN_IDENTITY = "-";
				CODE_SIGN_STYLE = Automatic;
				COMBINE_HIDPI_IMAGES = YES;
				DEVELOPMENT_TEAM = "";
				GCC_C_LANGUAGE_STANDARD = gnu11;
				INFOPLIST_FILE = BlockCommentTests/Info.plist;
				LD_RUNPATH_SEARCH_PATHS = "$(inherited) @executable_path/../Frameworks @loader_path/../Frameworks";
				MTL_ENABLE_DEBUG_INFO = INCLUDE_SOURCE;
				MTL_FAST_MATH = YES;
				PRODUCT_BUNDLE_IDENTIFIER = com.braysoftware.BlockCommentTests;
				PRODUCT_NAME = "$(TARGET_NAME)";
				SWIFT_VERSION = 5.0;
			};
			name = CI;
		};
/* End XCBuildConfiguration section */

/* Begin XCConfigurationList section */
		BD02463C1D9D03A8008AEC26 /* Build configuration list for PBXProject "BlockComment" */ = {
			isa = XCConfigurationList;
			buildConfigurations = (
				BD02464C1D9D03A8008AEC26 /* Debug */,
				BDE6346A256C5B69006D8C56 /* CI */,
				BD02464D1D9D03A8008AEC26 /* Release */,
			);
			defaultConfigurationIsVisible = 0;
			defaultConfigurationName = CI;
		};
		BD0246641D9D03D3008AEC26 /* Build configuration list for PBXNativeTarget "SwocksExt" */ = {
			isa = XCConfigurationList;
			buildConfigurations = (
				BD0246651D9D03D3008AEC26 /* Debug */,
				BDE6346C256C5B69006D8C56 /* CI */,
				BD0246661D9D03D3008AEC26 /* Release */,
			);
			defaultConfigurationIsVisible = 0;
			defaultConfigurationName = CI;
		};
		BD3E5A802333C30700E57F5E /* Build configuration list for PBXNativeTarget "Swocks" */ = {
			isa = XCConfigurationList;
			buildConfigurations = (
				BD3E5A812333C30700E57F5E /* Debug */,
				BDE6346B256C5B69006D8C56 /* CI */,
				BD3E5A822333C30700E57F5E /* Release */,
			);
			defaultConfigurationIsVisible = 0;
			defaultConfigurationName = CI;
		};
		BD3E5A922333C5A100E57F5E /* Build configuration list for PBXNativeTarget "SwocksTests" */ = {
			isa = XCConfigurationList;
			buildConfigurations = (
				BD3E5A932333C5A100E57F5E /* Debug */,
				BDE6346D256C5B69006D8C56 /* CI */,
				BD3E5A942333C5A100E57F5E /* Release */,
			);
			defaultConfigurationIsVisible = 0;
			defaultConfigurationName = CI;
		};
/* End XCConfigurationList section */
	};
	rootObject = BD0246391D9D03A8008AEC26 /* Project object */;
}
