// !$*UTF8*$!
{
	archiveVersion = 1;
	classes = {
	};
	objectVersion = 46;
	objects = {

/* Begin PBXBuildFile section */
		BD0246581D9D03D3008AEC26 /* Cocoa.framework in Frameworks */ = {isa = PBXBuildFile; fileRef = BD0246571D9D03D3008AEC26 /* Cocoa.framework */; };
		BD02465D1D9D03D3008AEC26 /* BlockCommentExtension.swift in Sources */ = {isa = PBXBuildFile; fileRef = BD02465C1D9D03D3008AEC26 /* BlockCommentExtension.swift */; };
		BD02465F1D9D03D3008AEC26 /* BlockComment.swift in Sources */ = {isa = PBXBuildFile; fileRef = BD02465E1D9D03D3008AEC26 /* BlockComment.swift */; };
		BD8BA1DD2132F830002A27C3 /* ParserTests.swift in Sources */ = {isa = PBXBuildFile; fileRef = BD8BA1D82132D2B7002A27C3 /* ParserTests.swift */; };
		BD8DD10C1D9DD866007BA1D3 /* Parser.swift in Sources */ = {isa = PBXBuildFile; fileRef = BD8DD10B1D9DD866007BA1D3 /* Parser.swift */; };
		BD8DD10D1D9DD87A007BA1D3 /* Parser.swift in Sources */ = {isa = PBXBuildFile; fileRef = BD8DD10B1D9DD866007BA1D3 /* Parser.swift */; };
		BDCA58D52133145F0060BC29 /* BlockCommentTests.swift in Sources */ = {isa = PBXBuildFile; fileRef = BD8DD1031D9DD839007BA1D3 /* BlockCommentTests.swift */; };
		BDE10F20232FB8FC0047E558 /* AppDelegate.swift in Sources */ = {isa = PBXBuildFile; fileRef = BDE10F1F232FB8FC0047E558 /* AppDelegate.swift */; };
		BDE10F22232FB8FC0047E558 /* ViewController.swift in Sources */ = {isa = PBXBuildFile; fileRef = BDE10F21232FB8FC0047E558 /* ViewController.swift */; };
		BDE10F24232FB8FD0047E558 /* Assets.xcassets in Resources */ = {isa = PBXBuildFile; fileRef = BDE10F23232FB8FD0047E558 /* Assets.xcassets */; };
		BDE10F27232FB8FD0047E558 /* Main.storyboard in Resources */ = {isa = PBXBuildFile; fileRef = BDE10F25232FB8FD0047E558 /* Main.storyboard */; };
		BDE10F32232FBC0F0047E558 /* BlockComment.appex in Embed App Extensions */ = {isa = PBXBuildFile; fileRef = BD0246551D9D03D3008AEC26 /* BlockComment.appex */; settings = {ATTRIBUTES = (RemoveHeadersOnCopy, ); }; };
/* End PBXBuildFile section */

/* Begin PBXContainerItemProxy section */
		BDE10F33232FBC0F0047E558 /* PBXContainerItemProxy */ = {
			isa = PBXContainerItemProxy;
			containerPortal = BD0246391D9D03A8008AEC26 /* Project object */;
			proxyType = 1;
			remoteGlobalIDString = BD0246541D9D03D3008AEC26;
			remoteInfo = BlockComment;
		};
/* End PBXContainerItemProxy section */

/* Begin PBXCopyFilesBuildPhase section */
		BDE10F35232FBC0F0047E558 /* Embed App Extensions */ = {
			isa = PBXCopyFilesBuildPhase;
			buildActionMask = 2147483647;
			dstPath = "";
			dstSubfolderSpec = 13;
			files = (
				BDE10F32232FBC0F0047E558 /* BlockComment.appex in Embed App Extensions */,
			);
			name = "Embed App Extensions";
			runOnlyForDeploymentPostprocessing = 0;
		};
/* End PBXCopyFilesBuildPhase section */

/* Begin PBXFileReference section */
		BD0246551D9D03D3008AEC26 /* BlockComment.appex */ = {isa = PBXFileReference; explicitFileType = "wrapper.app-extension"; includeInIndex = 0; path = BlockComment.appex; sourceTree = BUILT_PRODUCTS_DIR; };
		BD0246571D9D03D3008AEC26 /* Cocoa.framework */ = {isa = PBXFileReference; lastKnownFileType = wrapper.framework; name = Cocoa.framework; path = System/Library/Frameworks/Cocoa.framework; sourceTree = SDKROOT; };
		BD02465B1D9D03D3008AEC26 /* BlockComment.entitlements */ = {isa = PBXFileReference; lastKnownFileType = text.plist.entitlements; path = BlockComment.entitlements; sourceTree = "<group>"; };
		BD02465C1D9D03D3008AEC26 /* BlockCommentExtension.swift */ = {isa = PBXFileReference; lastKnownFileType = sourcecode.swift; path = BlockCommentExtension.swift; sourceTree = "<group>"; };
		BD02465E1D9D03D3008AEC26 /* BlockComment.swift */ = {isa = PBXFileReference; lastKnownFileType = sourcecode.swift; path = BlockComment.swift; sourceTree = "<group>"; };
		BD0246601D9D03D3008AEC26 /* Info.plist */ = {isa = PBXFileReference; lastKnownFileType = text.plist.xml; path = Info.plist; sourceTree = "<group>"; };
		BD8BA1D82132D2B7002A27C3 /* ParserTests.swift */ = {isa = PBXFileReference; lastKnownFileType = sourcecode.swift; path = ParserTests.swift; sourceTree = "<group>"; };
		BD8DD1011D9DD839007BA1D3 /* BlockCommentTests.xctest */ = {isa = PBXFileReference; explicitFileType = wrapper.cfbundle; includeInIndex = 0; path = BlockCommentTests.xctest; sourceTree = BUILT_PRODUCTS_DIR; };
		BD8DD1031D9DD839007BA1D3 /* BlockCommentTests.swift */ = {isa = PBXFileReference; lastKnownFileType = sourcecode.swift; path = BlockCommentTests.swift; sourceTree = "<group>"; };
		BD8DD1051D9DD839007BA1D3 /* Info.plist */ = {isa = PBXFileReference; lastKnownFileType = text.plist.xml; path = Info.plist; sourceTree = "<group>"; };
		BD8DD10B1D9DD866007BA1D3 /* Parser.swift */ = {isa = PBXFileReference; fileEncoding = 4; lastKnownFileType = sourcecode.swift; path = Parser.swift; sourceTree = "<group>"; };
		BD9B64E61DA0543A004E4319 /* README.md */ = {isa = PBXFileReference; fileEncoding = 4; lastKnownFileType = net.daringfireball.markdown; path = README.md; sourceTree = "<group>"; };
		BDE10F1D232FB8FC0047E558 /* BlockCommentApp.app */ = {isa = PBXFileReference; explicitFileType = wrapper.application; includeInIndex = 0; path = BlockCommentApp.app; sourceTree = BUILT_PRODUCTS_DIR; };
		BDE10F1F232FB8FC0047E558 /* AppDelegate.swift */ = {isa = PBXFileReference; lastKnownFileType = sourcecode.swift; path = AppDelegate.swift; sourceTree = "<group>"; };
		BDE10F21232FB8FC0047E558 /* ViewController.swift */ = {isa = PBXFileReference; lastKnownFileType = sourcecode.swift; path = ViewController.swift; sourceTree = "<group>"; };
		BDE10F23232FB8FD0047E558 /* Assets.xcassets */ = {isa = PBXFileReference; lastKnownFileType = folder.assetcatalog; path = Assets.xcassets; sourceTree = "<group>"; };
		BDE10F26232FB8FD0047E558 /* Base */ = {isa = PBXFileReference; lastKnownFileType = file.storyboard; name = Base; path = Base.lproj/Main.storyboard; sourceTree = "<group>"; };
		BDE10F28232FB8FD0047E558 /* Info.plist */ = {isa = PBXFileReference; lastKnownFileType = text.plist.xml; path = Info.plist; sourceTree = "<group>"; };
		BDE10F29232FB8FD0047E558 /* BlockCommentApp.entitlements */ = {isa = PBXFileReference; lastKnownFileType = text.plist.entitlements; path = BlockCommentApp.entitlements; sourceTree = "<group>"; };
/* End PBXFileReference section */

/* Begin PBXFrameworksBuildPhase section */
		BD0246521D9D03D3008AEC26 /* Frameworks */ = {
			isa = PBXFrameworksBuildPhase;
			buildActionMask = 2147483647;
			files = (
				BD0246581D9D03D3008AEC26 /* Cocoa.framework in Frameworks */,
			);
			runOnlyForDeploymentPostprocessing = 0;
		};
		BD8DD0FE1D9DD839007BA1D3 /* Frameworks */ = {
			isa = PBXFrameworksBuildPhase;
			buildActionMask = 2147483647;
			files = (
			);
			runOnlyForDeploymentPostprocessing = 0;
		};
		BDE10F1A232FB8FC0047E558 /* Frameworks */ = {
			isa = PBXFrameworksBuildPhase;
			buildActionMask = 2147483647;
			files = (
			);
			runOnlyForDeploymentPostprocessing = 0;
		};
/* End PBXFrameworksBuildPhase section */

/* Begin PBXGroup section */
		BD0246381D9D03A8008AEC26 = {
			isa = PBXGroup;
			children = (
				BD9B64E61DA0543A004E4319 /* README.md */,
				BD0246591D9D03D3008AEC26 /* BlockComment */,
				BD8DD1021D9DD839007BA1D3 /* BlockCommentTests */,
				BDE10F1E232FB8FC0047E558 /* BlockCommentApp */,
				BD0246561D9D03D3008AEC26 /* Frameworks */,
				BD0246421D9D03A8008AEC26 /* Products */,
			);
			sourceTree = "<group>";
		};
		BD0246421D9D03A8008AEC26 /* Products */ = {
			isa = PBXGroup;
			children = (
				BD0246551D9D03D3008AEC26 /* BlockComment.appex */,
				BD8DD1011D9DD839007BA1D3 /* BlockCommentTests.xctest */,
				BDE10F1D232FB8FC0047E558 /* BlockCommentApp.app */,
			);
			name = Products;
			sourceTree = "<group>";
		};
		BD0246561D9D03D3008AEC26 /* Frameworks */ = {
			isa = PBXGroup;
			children = (
				BD0246571D9D03D3008AEC26 /* Cocoa.framework */,
			);
			name = Frameworks;
			sourceTree = "<group>";
		};
		BD0246591D9D03D3008AEC26 /* BlockComment */ = {
			isa = PBXGroup;
			children = (
				BD02465C1D9D03D3008AEC26 /* BlockCommentExtension.swift */,
				BD02465E1D9D03D3008AEC26 /* BlockComment.swift */,
				BD8DD10B1D9DD866007BA1D3 /* Parser.swift */,
				BD0246601D9D03D3008AEC26 /* Info.plist */,
				BD02465A1D9D03D3008AEC26 /* Supporting Files */,
			);
			name = BlockComment;
			path = BlockCommentCommand;
			sourceTree = "<group>";
		};
		BD02465A1D9D03D3008AEC26 /* Supporting Files */ = {
			isa = PBXGroup;
			children = (
				BD02465B1D9D03D3008AEC26 /* BlockComment.entitlements */,
			);
			name = "Supporting Files";
			sourceTree = "<group>";
		};
		BD8DD1021D9DD839007BA1D3 /* BlockCommentTests */ = {
			isa = PBXGroup;
			children = (
				BD8DD1031D9DD839007BA1D3 /* BlockCommentTests.swift */,
				BD8BA1D82132D2B7002A27C3 /* ParserTests.swift */,
				BD8DD1051D9DD839007BA1D3 /* Info.plist */,
			);
			path = BlockCommentTests;
			sourceTree = "<group>";
		};
		BDE10F1E232FB8FC0047E558 /* BlockCommentApp */ = {
			isa = PBXGroup;
			children = (
				BDE10F1F232FB8FC0047E558 /* AppDelegate.swift */,
				BDE10F21232FB8FC0047E558 /* ViewController.swift */,
				BDE10F23232FB8FD0047E558 /* Assets.xcassets */,
				BDE10F25232FB8FD0047E558 /* Main.storyboard */,
				BDE10F28232FB8FD0047E558 /* Info.plist */,
				BDE10F29232FB8FD0047E558 /* BlockCommentApp.entitlements */,
			);
			path = BlockCommentApp;
			sourceTree = "<group>";
		};
/* End PBXGroup section */

/* Begin PBXNativeTarget section */
		BD0246541D9D03D3008AEC26 /* BlockComment */ = {
			isa = PBXNativeTarget;
			buildConfigurationList = BD0246641D9D03D3008AEC26 /* Build configuration list for PBXNativeTarget "BlockComment" */;
			buildPhases = (
				BD0246511D9D03D3008AEC26 /* Sources */,
				BD0246521D9D03D3008AEC26 /* Frameworks */,
				BD0246531D9D03D3008AEC26 /* Resources */,
			);
			buildRules = (
			);
			dependencies = (
			);
			name = BlockComment;
			productName = Cleaner;
			productReference = BD0246551D9D03D3008AEC26 /* BlockComment.appex */;
			productType = "com.apple.product-type.xcode-extension";
		};
		BD8DD1001D9DD839007BA1D3 /* BlockCommentTests */ = {
			isa = PBXNativeTarget;
			buildConfigurationList = BD8DD10A1D9DD839007BA1D3 /* Build configuration list for PBXNativeTarget "BlockCommentTests" */;
			buildPhases = (
				BD8DD0FD1D9DD839007BA1D3 /* Sources */,
				BD8DD0FE1D9DD839007BA1D3 /* Frameworks */,
				BD8DD0FF1D9DD839007BA1D3 /* Resources */,
			);
			buildRules = (
			);
			dependencies = (
			);
			name = BlockCommentTests;
			productName = CleanClosureSyntaxTests;
			productReference = BD8DD1011D9DD839007BA1D3 /* BlockCommentTests.xctest */;
			productType = "com.apple.product-type.bundle.unit-test";
		};
		BDE10F1C232FB8FC0047E558 /* BlockCommentApp */ = {
			isa = PBXNativeTarget;
			buildConfigurationList = BDE10F2A232FB8FD0047E558 /* Build configuration list for PBXNativeTarget "BlockCommentApp" */;
			buildPhases = (
				BDE10F19232FB8FC0047E558 /* Sources */,
				BDE10F1A232FB8FC0047E558 /* Frameworks */,
				BDE10F1B232FB8FC0047E558 /* Resources */,
				BDE10F35232FBC0F0047E558 /* Embed App Extensions */,
			);
			buildRules = (
			);
			dependencies = (
				BDE10F34232FBC0F0047E558 /* PBXTargetDependency */,
			);
			name = BlockCommentApp;
			productName = BlockCommentApp;
			productReference = BDE10F1D232FB8FC0047E558 /* BlockCommentApp.app */;
			productType = "com.apple.product-type.application";
		};
/* End PBXNativeTarget section */

/* Begin PBXProject section */
		BD0246391D9D03A8008AEC26 /* Project object */ = {
			isa = PBXProject;
			attributes = {
				LastSwiftUpdateCheck = 1030;
				LastUpgradeCheck = 0940;
				ORGANIZATIONNAME = "Brad Howes";
				TargetAttributes = {
					BD0246541D9D03D3008AEC26 = {
						CreatedOnToolsVersion = 8.0;
						DevelopmentTeam = UP6SS5ES7E;
						LastSwiftMigration = 0940;
						ProvisioningStyle = Automatic;
						SystemCapabilities = {
							com.apple.Sandbox = {
								enabled = 1;
							};
						};
					};
					BD8DD1001D9DD839007BA1D3 = {
						CreatedOnToolsVersion = 8.0;
						DevelopmentTeam = UP6SS5ES7E;
						LastSwiftMigration = 0940;
						ProvisioningStyle = Automatic;
						TestTargetID = BD0246401D9D03A8008AEC26;
					};
					BDE10F1C232FB8FC0047E558 = {
						CreatedOnToolsVersion = 10.3;
						DevelopmentTeam = UP6SS5ES7E;
						ProvisioningStyle = Automatic;
					};
				};
			};
			buildConfigurationList = BD02463C1D9D03A8008AEC26 /* Build configuration list for PBXProject "BlockComment" */;
			compatibilityVersion = "Xcode 3.2";
			developmentRegion = English;
			hasScannedForEncodings = 0;
			knownRegions = (
				English,
				en,
				Base,
			);
			mainGroup = BD0246381D9D03A8008AEC26;
			productRefGroup = BD0246421D9D03A8008AEC26 /* Products */;
			projectDirPath = "";
			projectRoot = "";
			targets = (
				BD0246541D9D03D3008AEC26 /* BlockComment */,
				BD8DD1001D9DD839007BA1D3 /* BlockCommentTests */,
				BDE10F1C232FB8FC0047E558 /* BlockCommentApp */,
			);
		};
/* End PBXProject section */

/* Begin PBXResourcesBuildPhase section */
		BD0246531D9D03D3008AEC26 /* Resources */ = {
			isa = PBXResourcesBuildPhase;
			buildActionMask = 2147483647;
			files = (
			);
			runOnlyForDeploymentPostprocessing = 0;
		};
		BD8DD0FF1D9DD839007BA1D3 /* Resources */ = {
			isa = PBXResourcesBuildPhase;
			buildActionMask = 2147483647;
			files = (
			);
			runOnlyForDeploymentPostprocessing = 0;
		};
		BDE10F1B232FB8FC0047E558 /* Resources */ = {
			isa = PBXResourcesBuildPhase;
			buildActionMask = 2147483647;
			files = (
				BDE10F24232FB8FD0047E558 /* Assets.xcassets in Resources */,
				BDE10F27232FB8FD0047E558 /* Main.storyboard in Resources */,
			);
			runOnlyForDeploymentPostprocessing = 0;
		};
/* End PBXResourcesBuildPhase section */

/* Begin PBXSourcesBuildPhase section */
		BD0246511D9D03D3008AEC26 /* Sources */ = {
			isa = PBXSourcesBuildPhase;
			buildActionMask = 2147483647;
			files = (
				BD02465D1D9D03D3008AEC26 /* BlockCommentExtension.swift in Sources */,
				BD02465F1D9D03D3008AEC26 /* BlockComment.swift in Sources */,
				BD8DD10C1D9DD866007BA1D3 /* Parser.swift in Sources */,
			);
			runOnlyForDeploymentPostprocessing = 0;
		};
		BD8DD0FD1D9DD839007BA1D3 /* Sources */ = {
			isa = PBXSourcesBuildPhase;
			buildActionMask = 2147483647;
			files = (
				BDCA58D52133145F0060BC29 /* BlockCommentTests.swift in Sources */,
				BD8BA1DD2132F830002A27C3 /* ParserTests.swift in Sources */,
				BD8DD10D1D9DD87A007BA1D3 /* Parser.swift in Sources */,
			);
			runOnlyForDeploymentPostprocessing = 0;
		};
		BDE10F19232FB8FC0047E558 /* Sources */ = {
			isa = PBXSourcesBuildPhase;
			buildActionMask = 2147483647;
			files = (
				BDE10F22232FB8FC0047E558 /* ViewController.swift in Sources */,
				BDE10F20232FB8FC0047E558 /* AppDelegate.swift in Sources */,
			);
			runOnlyForDeploymentPostprocessing = 0;
		};
/* End PBXSourcesBuildPhase section */

/* Begin PBXTargetDependency section */
		BDE10F34232FBC0F0047E558 /* PBXTargetDependency */ = {
			isa = PBXTargetDependency;
			target = BD0246541D9D03D3008AEC26 /* BlockComment */;
			targetProxy = BDE10F33232FBC0F0047E558 /* PBXContainerItemProxy */;
		};
/* End PBXTargetDependency section */

/* Begin PBXVariantGroup section */
		BDE10F25232FB8FD0047E558 /* Main.storyboard */ = {
			isa = PBXVariantGroup;
			children = (
				BDE10F26232FB8FD0047E558 /* Base */,
			);
			name = Main.storyboard;
			sourceTree = "<group>";
		};
/* End PBXVariantGroup section */

/* Begin XCBuildConfiguration section */
		BD02464C1D9D03A8008AEC26 /* Debug */ = {
			isa = XCBuildConfiguration;
			buildSettings = {
				ALWAYS_SEARCH_USER_PATHS = NO;
				CLANG_ANALYZER_NONNULL = YES;
				CLANG_CXX_LANGUAGE_STANDARD = "gnu++0x";
				CLANG_CXX_LIBRARY = "libc++";
				CLANG_ENABLE_MODULES = YES;
				CLANG_ENABLE_OBJC_ARC = YES;
				CLANG_WARN_BLOCK_CAPTURE_AUTORELEASING = YES;
				CLANG_WARN_BOOL_CONVERSION = YES;
				CLANG_WARN_COMMA = YES;
				CLANG_WARN_CONSTANT_CONVERSION = YES;
				CLANG_WARN_DEPRECATED_OBJC_IMPLEMENTATIONS = YES;
				CLANG_WARN_DIRECT_OBJC_ISA_USAGE = YES_ERROR;
				CLANG_WARN_DOCUMENTATION_COMMENTS = YES;
				CLANG_WARN_EMPTY_BODY = YES;
				CLANG_WARN_ENUM_CONVERSION = YES;
				CLANG_WARN_INFINITE_RECURSION = YES;
				CLANG_WARN_INT_CONVERSION = YES;
				CLANG_WARN_NON_LITERAL_NULL_CONVERSION = YES;
				CLANG_WARN_OBJC_IMPLICIT_RETAIN_SELF = YES;
				CLANG_WARN_OBJC_LITERAL_CONVERSION = YES;
				CLANG_WARN_OBJC_ROOT_CLASS = YES_ERROR;
				CLANG_WARN_RANGE_LOOP_ANALYSIS = YES;
				CLANG_WARN_STRICT_PROTOTYPES = YES;
				CLANG_WARN_SUSPICIOUS_MOVE = YES;
				CLANG_WARN_SUSPICIOUS_MOVES = YES;
				CLANG_WARN_UNREACHABLE_CODE = YES;
				CLANG_WARN__DUPLICATE_METHOD_MATCH = YES;
				CODE_SIGN_IDENTITY = "Mac Developer";
				COPY_PHASE_STRIP = NO;
				DEBUG_INFORMATION_FORMAT = dwarf;
				DEVELOPMENT_TEAM = Z7R62JH5A8;
				ENABLE_STRICT_OBJC_MSGSEND = YES;
				ENABLE_TESTABILITY = YES;
				GCC_C_LANGUAGE_STANDARD = gnu99;
				GCC_DYNAMIC_NO_PIC = NO;
				GCC_NO_COMMON_BLOCKS = YES;
				GCC_OPTIMIZATION_LEVEL = 0;
				GCC_PREPROCESSOR_DEFINITIONS = (
					"DEBUG=1",
					"$(inherited)",
				);
				GCC_WARN_64_TO_32_BIT_CONVERSION = YES;
				GCC_WARN_ABOUT_RETURN_TYPE = YES_ERROR;
				GCC_WARN_UNDECLARED_SELECTOR = YES;
				GCC_WARN_UNINITIALIZED_AUTOS = YES_AGGRESSIVE;
				GCC_WARN_UNUSED_FUNCTION = YES;
				GCC_WARN_UNUSED_VARIABLE = YES;
				MACOSX_DEPLOYMENT_TARGET = 10.14;
				MTL_ENABLE_DEBUG_INFO = YES;
				ONLY_ACTIVE_ARCH = YES;
				SDKROOT = macosx;
				SWIFT_ACTIVE_COMPILATION_CONDITIONS = DEBUG;
				SWIFT_OPTIMIZATION_LEVEL = "-Onone";
				SWIFT_SWIFT3_OBJC_INFERENCE = Off;
				SWIFT_VERSION = 4.0;
			};
			name = Debug;
		};
		BD02464D1D9D03A8008AEC26 /* Release */ = {
			isa = XCBuildConfiguration;
			buildSettings = {
				ALWAYS_SEARCH_USER_PATHS = NO;
				CLANG_ANALYZER_NONNULL = YES;
				CLANG_CXX_LANGUAGE_STANDARD = "gnu++0x";
				CLANG_CXX_LIBRARY = "libc++";
				CLANG_ENABLE_MODULES = YES;
				CLANG_ENABLE_OBJC_ARC = YES;
				CLANG_WARN_BLOCK_CAPTURE_AUTORELEASING = YES;
				CLANG_WARN_BOOL_CONVERSION = YES;
				CLANG_WARN_COMMA = YES;
				CLANG_WARN_CONSTANT_CONVERSION = YES;
				CLANG_WARN_DEPRECATED_OBJC_IMPLEMENTATIONS = YES;
				CLANG_WARN_DIRECT_OBJC_ISA_USAGE = YES_ERROR;
				CLANG_WARN_DOCUMENTATION_COMMENTS = YES;
				CLANG_WARN_EMPTY_BODY = YES;
				CLANG_WARN_ENUM_CONVERSION = YES;
				CLANG_WARN_INFINITE_RECURSION = YES;
				CLANG_WARN_INT_CONVERSION = YES;
				CLANG_WARN_NON_LITERAL_NULL_CONVERSION = YES;
				CLANG_WARN_OBJC_IMPLICIT_RETAIN_SELF = YES;
				CLANG_WARN_OBJC_LITERAL_CONVERSION = YES;
				CLANG_WARN_OBJC_ROOT_CLASS = YES_ERROR;
				CLANG_WARN_RANGE_LOOP_ANALYSIS = YES;
				CLANG_WARN_STRICT_PROTOTYPES = YES;
				CLANG_WARN_SUSPICIOUS_MOVE = YES;
				CLANG_WARN_SUSPICIOUS_MOVES = YES;
				CLANG_WARN_UNREACHABLE_CODE = YES;
				CLANG_WARN__DUPLICATE_METHOD_MATCH = YES;
				CODE_SIGN_IDENTITY = "Mac Developer";
				COPY_PHASE_STRIP = NO;
				DEBUG_INFORMATION_FORMAT = "dwarf-with-dsym";
				DEVELOPMENT_TEAM = Z7R62JH5A8;
				ENABLE_NS_ASSERTIONS = NO;
				ENABLE_STRICT_OBJC_MSGSEND = YES;
				GCC_C_LANGUAGE_STANDARD = gnu99;
				GCC_NO_COMMON_BLOCKS = YES;
				GCC_WARN_64_TO_32_BIT_CONVERSION = YES;
				GCC_WARN_ABOUT_RETURN_TYPE = YES_ERROR;
				GCC_WARN_UNDECLARED_SELECTOR = YES;
				GCC_WARN_UNINITIALIZED_AUTOS = YES_AGGRESSIVE;
				GCC_WARN_UNUSED_FUNCTION = YES;
				GCC_WARN_UNUSED_VARIABLE = YES;
				MACOSX_DEPLOYMENT_TARGET = 10.14;
				MTL_ENABLE_DEBUG_INFO = NO;
				SDKROOT = macosx;
				SWIFT_OPTIMIZATION_LEVEL = "-Owholemodule";
				SWIFT_SWIFT3_OBJC_INFERENCE = Off;
				SWIFT_VERSION = 4.0;
			};
			name = Release;
		};
		BD0246651D9D03D3008AEC26 /* Debug */ = {
			isa = XCBuildConfiguration;
			buildSettings = {
				CODE_SIGN_ENTITLEMENTS = BlockCommentCommand/BlockComment.entitlements;
				CODE_SIGN_IDENTITY = "Mac Developer";
				COMBINE_HIDPI_IMAGES = YES;
				DEVELOPMENT_TEAM = UP6SS5ES7E;
				INFOPLIST_FILE = BlockCommentCommand/Info.plist;
				LD_RUNPATH_SEARCH_PATHS = "$(inherited) @executable_path/../Frameworks @executable_path/../../../../Frameworks";
				MACOSX_DEPLOYMENT_TARGET = 10.11;
				PRODUCT_BUNDLE_IDENTIFIER = com.brhcode.BlockCommentApp.BlockComment;
				PRODUCT_NAME = "$(TARGET_NAME)";
				SKIP_INSTALL = YES;
				SWIFT_SWIFT3_OBJC_INFERENCE = Off;
				SWIFT_VERSION = 4.0;
			};
			name = Debug;
		};
		BD0246661D9D03D3008AEC26 /* Release */ = {
			isa = XCBuildConfiguration;
			buildSettings = {
				CODE_SIGN_ENTITLEMENTS = BlockCommentCommand/BlockComment.entitlements;
				CODE_SIGN_IDENTITY = "Mac Developer";
				COMBINE_HIDPI_IMAGES = YES;
				DEBUG_INFORMATION_FORMAT = dwarf;
				DEVELOPMENT_TEAM = UP6SS5ES7E;
				GCC_OPTIMIZATION_LEVEL = 0;
				INFOPLIST_FILE = BlockCommentCommand/Info.plist;
				LD_RUNPATH_SEARCH_PATHS = "$(inherited) @executable_path/../Frameworks @executable_path/../../../../Frameworks";
				MACOSX_DEPLOYMENT_TARGET = 10.11;
				PRODUCT_BUNDLE_IDENTIFIER = com.brhcode.BlockCommentApp.BlockComment;
				PRODUCT_NAME = "$(TARGET_NAME)";
				SKIP_INSTALL = YES;
				SWIFT_OPTIMIZATION_LEVEL = "-Owholemodule";
				SWIFT_SWIFT3_OBJC_INFERENCE = Off;
				SWIFT_VERSION = 4.0;
			};
			name = Release;
		};
		BD8DD1081D9DD839007BA1D3 /* Debug */ = {
			isa = XCBuildConfiguration;
			buildSettings = {
				BUNDLE_LOADER = "$(TEST_HOST)";
				CODE_SIGN_IDENTITY = "Mac Developer";
				COMBINE_HIDPI_IMAGES = YES;
				DEVELOPMENT_TEAM = UP6SS5ES7E;
				INFOPLIST_FILE = BlockCommentTests/Info.plist;
				LD_RUNPATH_SEARCH_PATHS = "$(inherited) @executable_path/../Frameworks @loader_path/../Frameworks";
				PRODUCT_BUNDLE_IDENTIFIER = com.brhcode.BlockCommentTests;
				PRODUCT_NAME = "$(TARGET_NAME)";
				SWIFT_SWIFT3_OBJC_INFERENCE = Off;
				SWIFT_VERSION = 4.0;
				TEST_HOST = "$(BUILT_PRODUCTS_DIR)/BlockCommentApp.app/Contents/MacOS/BlockCommentApp";
			};
			name = Debug;
		};
		BD8DD1091D9DD839007BA1D3 /* Release */ = {
			isa = XCBuildConfiguration;
			buildSettings = {
				BUNDLE_LOADER = "$(TEST_HOST)";
				CODE_SIGN_IDENTITY = "Mac Developer";
				COMBINE_HIDPI_IMAGES = YES;
				DEVELOPMENT_TEAM = UP6SS5ES7E;
				INFOPLIST_FILE = BlockCommentTests/Info.plist;
				LD_RUNPATH_SEARCH_PATHS = "$(inherited) @executable_path/../Frameworks @loader_path/../Frameworks";
				PRODUCT_BUNDLE_IDENTIFIER = com.brhcode.BlockCommentTests;
				PRODUCT_NAME = "$(TARGET_NAME)";
				SWIFT_SWIFT3_OBJC_INFERENCE = Off;
				SWIFT_VERSION = 4.0;
				TEST_HOST = "$(BUILT_PRODUCTS_DIR)/BlockCommentApp.app/Contents/MacOS/BlockCommentApp";
			};
			name = Release;
		};
		BDE10F2B232FB8FD0047E558 /* Debug */ = {
			isa = XCBuildConfiguration;
			buildSettings = {
				ALWAYS_EMBED_SWIFT_STANDARD_LIBRARIES = YES;
				ASSETCATALOG_COMPILER_APPICON_NAME = AppIcon;
				CLANG_ANALYZER_NUMBER_OBJECT_CONVERSION = YES_AGGRESSIVE;
				CLANG_CXX_LANGUAGE_STANDARD = "gnu++14";
				CLANG_ENABLE_OBJC_WEAK = YES;
				CLANG_WARN_UNGUARDED_AVAILABILITY = YES_AGGRESSIVE;
				CODE_SIGN_ENTITLEMENTS = BlockCommentApp/BlockCommentApp.entitlements;
				CODE_SIGN_STYLE = Automatic;
				COMBINE_HIDPI_IMAGES = YES;
				DEVELOPMENT_TEAM = UP6SS5ES7E;
				GCC_C_LANGUAGE_STANDARD = gnu11;
				INFOPLIST_FILE = BlockCommentApp/Info.plist;
				LD_RUNPATH_SEARCH_PATHS = "$(inherited) @executable_path/../Frameworks";
				MTL_ENABLE_DEBUG_INFO = INCLUDE_SOURCE;
				MTL_FAST_MATH = YES;
				PRODUCT_BUNDLE_IDENTIFIER = com.brhcode.BlockCommentApp;
				PRODUCT_NAME = "$(TARGET_NAME)";
				SWIFT_VERSION = 5.0;
			};
			name = Debug;
		};
		BDE10F2C232FB8FD0047E558 /* Release */ = {
			isa = XCBuildConfiguration;
			buildSettings = {
				ALWAYS_EMBED_SWIFT_STANDARD_LIBRARIES = YES;
				ASSETCATALOG_COMPILER_APPICON_NAME = AppIcon;
				CLANG_ANALYZER_NUMBER_OBJECT_CONVERSION = YES_AGGRESSIVE;
				CLANG_CXX_LANGUAGE_STANDARD = "gnu++14";
				CLANG_ENABLE_OBJC_WEAK = YES;
				CLANG_WARN_UNGUARDED_AVAILABILITY = YES_AGGRESSIVE;
				CODE_SIGN_ENTITLEMENTS = BlockCommentApp/BlockCommentApp.entitlements;
				CODE_SIGN_STYLE = Automatic;
				COMBINE_HIDPI_IMAGES = YES;
				DEVELOPMENT_TEAM = UP6SS5ES7E;
				GCC_C_LANGUAGE_STANDARD = gnu11;
				INFOPLIST_FILE = BlockCommentApp/Info.plist;
				LD_RUNPATH_SEARCH_PATHS = "$(inherited) @executable_path/../Frameworks";
				MTL_FAST_MATH = YES;
				PRODUCT_BUNDLE_IDENTIFIER = com.brhcode.BlockCommentApp;
				PRODUCT_NAME = "$(TARGET_NAME)";
				SWIFT_VERSION = 5.0;
			};
			name = Release;
		};
/* End XCBuildConfiguration section */

/* Begin XCConfigurationList section */
		BD02463C1D9D03A8008AEC26 /* Build configuration list for PBXProject "BlockComment" */ = {
			isa = XCConfigurationList;
			buildConfigurations = (
				BD02464C1D9D03A8008AEC26 /* Debug */,
				BD02464D1D9D03A8008AEC26 /* Release */,
			);
			defaultConfigurationIsVisible = 0;
			defaultConfigurationName = Release;
		};
		BD0246641D9D03D3008AEC26 /* Build configuration list for PBXNativeTarget "BlockComment" */ = {
			isa = XCConfigurationList;
			buildConfigurations = (
				BD0246651D9D03D3008AEC26 /* Debug */,
				BD0246661D9D03D3008AEC26 /* Release */,
			);
			defaultConfigurationIsVisible = 0;
			defaultConfigurationName = Release;
		};
		BD8DD10A1D9DD839007BA1D3 /* Build configuration list for PBXNativeTarget "BlockCommentTests" */ = {
			isa = XCConfigurationList;
			buildConfigurations = (
				BD8DD1081D9DD839007BA1D3 /* Debug */,
				BD8DD1091D9DD839007BA1D3 /* Release */,
			);
			defaultConfigurationIsVisible = 0;
			defaultConfigurationName = Release;
		};
		BDE10F2A232FB8FD0047E558 /* Build configuration list for PBXNativeTarget "BlockCommentApp" */ = {
			isa = XCConfigurationList;
			buildConfigurations = (
				BDE10F2B232FB8FD0047E558 /* Debug */,
				BDE10F2C232FB8FD0047E558 /* Release */,
			);
			defaultConfigurationIsVisible = 0;
			defaultConfigurationName = Release;
		};
/* End XCConfigurationList section */
	};
	rootObject = BD0246391D9D03A8008AEC26 /* Project object */;
}
